
Microsoft Visual Studio Solution File, Format Version 12.00
# Visual Studio Version 16
VisualStudioVersion = 16.0.29920.165
MinimumVisualStudioVersion = 10.0.40219.1
Project("{FAE04EC0-301F-11D3-BF4B-00C04F79EFBC}") = "WebCK", "WebCK\WebCK.csproj", "{74421AAB-1405-4B27-B4AC-1B711537272A}"
EndProject
Global
	GlobalSection(SolutionConfigurationPlatforms) = preSolution
		Debug|Any CPU = Debug|Any CPU
		Release|Any CPU = Release|Any CPU
	EndGlobalSection
	GlobalSection(ProjectConfigurationPlatforms) = postSolution
		{74421AAB-1405-4B27-B4AC-1B711537272A}.Debug|Any CPU.ActiveCfg = Debug|Any CPU
		{74421AAB-1405-4B27-B4AC-1B711537272A}.Debug|Any CPU.Build.0 = Debug|Any CPU
		{74421AAB-1405-4B27-B4AC-1B711537272A}.Release|Any CPU.ActiveCfg = Release|Any CPU
		{74421AAB-1405-4B27-B4AC-1B711537272A}.Release|Any CPU.Build.0 = Release|Any CPU
	EndGlobalSection
	GlobalSection(SolutionProperties) = preSolution
		HideSolutionNode = FALSE
	EndGlobalSection
	GlobalSection(ExtensibilityGlobals) = postSolution
		SolutionGuid = {08979F2C-56CA-4723-85FB-D004A6D3AEAB}
	EndGlobalSection
EndGlobal
